
Microsoft Visual Studio Solution File, Format Version 12.00
# Visual Studio Version 16
VisualStudioVersion = 16.0.30717.126
MinimumVisualStudioVersion = 10.0.40219.1
Project("{FAE04EC0-301F-11D3-BF4B-00C04F79EFBC}") = "Six Equation", "Six Equation\Six Equation.csproj", "{6899226D-CDA6-4BF7-B935-6574AA7D15D6}"
EndProject
Global
	GlobalSection(SolutionConfigurationPlatforms) = preSolution
		Debug|Any CPU = Debug|Any CPU
		Release|Any CPU = Release|Any CPU
	EndGlobalSection
	GlobalSection(ProjectConfigurationPlatforms) = postSolution
		{6899226D-CDA6-4BF7-B935-6574AA7D15D6}.Debug|Any CPU.ActiveCfg = Debug|Any CPU
		{6899226D-CDA6-4BF7-B935-6574AA7D15D6}.Debug|Any CPU.Build.0 = Debug|Any CPU
		{6899226D-CDA6-4BF7-B935-6574AA7D15D6}.Release|Any CPU.ActiveCfg = Release|Any CPU
		{6899226D-CDA6-4BF7-B935-6574AA7D15D6}.Release|Any CPU.Build.0 = Release|Any CPU
	EndGlobalSection
	GlobalSection(SolutionProperties) = preSolution
		HideSolutionNode = FALSE
	EndGlobalSection
	GlobalSection(ExtensibilityGlobals) = postSolution
		SolutionGuid = {DEBE8194-C00E-40F0-A0D0-7BE8271B5F8B}
	EndGlobalSection
EndGlobal
